
Microsoft Visual Studio Solution File, Format Version 12.00
# Visual Studio 14
VisualStudioVersion = 14.0.25123.0
MinimumVisualStudioVersion = 10.0.40219.1
Project("{FAE04EC0-301F-11D3-BF4B-00C04F79EFBC}") = "financeiroVoce.WebLayer", "financeiroVoce\financeiroVoce.WebLayer.csproj", "{81DC8234-7DA2-4E93-B54B-7BA474227583}"
EndProject
Project("{FAE04EC0-301F-11D3-BF4B-00C04F79EFBC}") = "financeiroVoce.DataLayer", "financeiroVoce.DataLayer\financeiroVoce.DataLayer.csproj", "{78C4E276-C280-4ED9-9412-A47F48FF63B9}"
EndProject
Global
	GlobalSection(SolutionConfigurationPlatforms) = preSolution
		Debug|Any CPU = Debug|Any CPU
		Release|Any CPU = Release|Any CPU
	EndGlobalSection
	GlobalSection(ProjectConfigurationPlatforms) = postSolution
		{81DC8234-7DA2-4E93-B54B-7BA474227583}.Debug|Any CPU.ActiveCfg = Debug|Any CPU
		{81DC8234-7DA2-4E93-B54B-7BA474227583}.Debug|Any CPU.Build.0 = Debug|Any CPU
		{81DC8234-7DA2-4E93-B54B-7BA474227583}.Release|Any CPU.ActiveCfg = Release|Any CPU
		{81DC8234-7DA2-4E93-B54B-7BA474227583}.Release|Any CPU.Build.0 = Release|Any CPU
		{78C4E276-C280-4ED9-9412-A47F48FF63B9}.Debug|Any CPU.ActiveCfg = Debug|Any CPU
		{78C4E276-C280-4ED9-9412-A47F48FF63B9}.Debug|Any CPU.Build.0 = Debug|Any CPU
		{78C4E276-C280-4ED9-9412-A47F48FF63B9}.Release|Any CPU.ActiveCfg = Release|Any CPU
		{78C4E276-C280-4ED9-9412-A47F48FF63B9}.Release|Any CPU.Build.0 = Release|Any CPU
	EndGlobalSection
	GlobalSection(SolutionProperties) = preSolution
		HideSolutionNode = FALSE
	EndGlobalSection
EndGlobal
